// !$*UTF8*$!
{
	archiveVersion = 1;
	classes = {
	};
	objectVersion = 48;
	objects = {

/* Begin PBXBuildFile section */
		2B19879B1F6FDAE3001E0A00 /* main.swift in Sources */ = {isa = PBXBuildFile; fileRef = 2B19879A1F6FDAE3001E0A00 /* main.swift */; };
		2BE041A91F6FE1DA00CC131B /* Stack.swift in Sources */ = {isa = PBXBuildFile; fileRef = 2BE041A81F6FE1DA00CC131B /* Stack.swift */; };
		2BE041AB1F6FE41400CC131B /* Queue.swift in Sources */ = {isa = PBXBuildFile; fileRef = 2BE041AA1F6FE41400CC131B /* Queue.swift */; };
		2BE041AD1F6FE9F100CC131B /* Sorting.swift in Sources */ = {isa = PBXBuildFile; fileRef = 2BE041AC1F6FE9F100CC131B /* Sorting.swift */; };
		2BE041AF1F6FF04700CC131B /* Searching.swift in Sources */ = {isa = PBXBuildFile; fileRef = 2BE041AE1F6FF04700CC131B /* Searching.swift */; };
/* End PBXBuildFile section */

/* Begin PBXCopyFilesBuildPhase section */
		2B1987951F6FDAE3001E0A00 /* CopyFiles */ = {
			isa = PBXCopyFilesBuildPhase;
			buildActionMask = 2147483647;
			dstPath = /usr/share/man/man1/;
			dstSubfolderSpec = 0;
			files = (
			);
			runOnlyForDeploymentPostprocessing = 1;
		};
/* End PBXCopyFilesBuildPhase section */

/* Begin PBXFileReference section */
		2B1987971F6FDAE3001E0A00 /* AOSwiftAlgorithms */ = {isa = PBXFileReference; explicitFileType = "compiled.mach-o.executable"; includeInIndex = 0; path = AOSwiftAlgorithms; sourceTree = BUILT_PRODUCTS_DIR; };
		2B19879A1F6FDAE3001E0A00 /* main.swift */ = {isa = PBXFileReference; lastKnownFileType = sourcecode.swift; path = main.swift; sourceTree = "<group>"; };
		2BE041A81F6FE1DA00CC131B /* Stack.swift */ = {isa = PBXFileReference; lastKnownFileType = sourcecode.swift; path = Stack.swift; sourceTree = "<group>"; };
		2BE041AA1F6FE41400CC131B /* Queue.swift */ = {isa = PBXFileReference; lastKnownFileType = sourcecode.swift; path = Queue.swift; sourceTree = "<group>"; };
		2BE041AC1F6FE9F100CC131B /* Sorting.swift */ = {isa = PBXFileReference; lastKnownFileType = sourcecode.swift; path = Sorting.swift; sourceTree = "<group>"; };
		2BE041AE1F6FF04700CC131B /* Searching.swift */ = {isa = PBXFileReference; lastKnownFileType = sourcecode.swift; path = Searching.swift; sourceTree = "<group>"; };
/* End PBXFileReference section */

/* Begin PBXFrameworksBuildPhase section */
		2B1987941F6FDAE3001E0A00 /* Frameworks */ = {
			isa = PBXFrameworksBuildPhase;
			buildActionMask = 2147483647;
			files = (
			);
			runOnlyForDeploymentPostprocessing = 0;
		};
/* End PBXFrameworksBuildPhase section */

/* Begin PBXGroup section */
		2B19878E1F6FDAE3001E0A00 = {
			isa = PBXGroup;
			children = (
				2B1987991F6FDAE3001E0A00 /* AOSwiftAlgorithms */,
				2B1987981F6FDAE3001E0A00 /* Products */,
			);
			sourceTree = "<group>";
		};
		2B1987981F6FDAE3001E0A00 /* Products */ = {
			isa = PBXGroup;
			children = (
				2B1987971F6FDAE3001E0A00 /* AOSwiftAlgorithms */,
			);
			name = Products;
			sourceTree = "<group>";
		};
		2B1987991F6FDAE3001E0A00 /* AOSwiftAlgorithms */ = {
			isa = PBXGroup;
			children = (
				2BE041A71F6FE1C800CC131B /* Data Structures */,
				2BE041A61F6FE1C100CC131B /* Algorithms */,
				2B19879A1F6FDAE3001E0A00 /* main.swift */,
			);
			path = AOSwiftAlgorithms;
			sourceTree = "<group>";
		};
		2BE041A61F6FE1C100CC131B /* Algorithms */ = {
			isa = PBXGroup;
			children = (
				2BE041AC1F6FE9F100CC131B /* Sorting.swift */,
				2BE041AE1F6FF04700CC131B /* Searching.swift */,
			);
			path = Algorithms;
			sourceTree = "<group>";
		};
		2BE041A71F6FE1C800CC131B /* Data Structures */ = {
			isa = PBXGroup;
			children = (
				2BE041A81F6FE1DA00CC131B /* Stack.swift */,
				2BE041AA1F6FE41400CC131B /* Queue.swift */,
			);
			path = "Data Structures";
			sourceTree = "<group>";
		};
/* End PBXGroup section */

/* Begin PBXNativeTarget section */
		2B1987961F6FDAE3001E0A00 /* AOSwiftAlgorithms */ = {
			isa = PBXNativeTarget;
			buildConfigurationList = 2B19879E1F6FDAE3001E0A00 /* Build configuration list for PBXNativeTarget "AOSwiftAlgorithms" */;
			buildPhases = (
				2B1987931F6FDAE3001E0A00 /* Sources */,
				2B1987941F6FDAE3001E0A00 /* Frameworks */,
				2B1987951F6FDAE3001E0A00 /* CopyFiles */,
			);
			buildRules = (
			);
			dependencies = (
			);
			name = AOSwiftAlgorithms;
			productName = AOSwiftAlgorithms;
			productReference = 2B1987971F6FDAE3001E0A00 /* AOSwiftAlgorithms */;
			productType = "com.apple.product-type.tool";
		};
/* End PBXNativeTarget section */

/* Begin PBXProject section */
		2B19878F1F6FDAE3001E0A00 /* Project object */ = {
			isa = PBXProject;
			attributes = {
				LastSwiftUpdateCheck = 0900;
				LastUpgradeCheck = 0900;
				ORGANIZATIONNAME = "Altynbek Orumbayev";
				TargetAttributes = {
					2B1987961F6FDAE3001E0A00 = {
						CreatedOnToolsVersion = 9.0;
						ProvisioningStyle = Automatic;
					};
				};
			};
			buildConfigurationList = 2B1987921F6FDAE3001E0A00 /* Build configuration list for PBXProject "AOSwiftAlgorithms" */;
			compatibilityVersion = "Xcode 8.0";
			developmentRegion = en;
			hasScannedForEncodings = 0;
			knownRegions = (
				en,
			);
			mainGroup = 2B19878E1F6FDAE3001E0A00;
			productRefGroup = 2B1987981F6FDAE3001E0A00 /* Products */;
			projectDirPath = "";
			projectRoot = "";
			targets = (
				2B1987961F6FDAE3001E0A00 /* AOSwiftAlgorithms */,
			);
		};
/* End PBXProject section */

/* Begin PBXSourcesBuildPhase section */
		2B1987931F6FDAE3001E0A00 /* Sources */ = {
			isa = PBXSourcesBuildPhase;
			buildActionMask = 2147483647;
			files = (
				2BE041A91F6FE1DA00CC131B /* Stack.swift in Sources */,
				2BE041AD1F6FE9F100CC131B /* Sorting.swift in Sources */,
				2BE041AB1F6FE41400CC131B /* Queue.swift in Sources */,
				2BE041AF1F6FF04700CC131B /* Searching.swift in Sources */,
				2B19879B1F6FDAE3001E0A00 /* main.swift in Sources */,
			);
			runOnlyForDeploymentPostprocessing = 0;
		};
/* End PBXSourcesBuildPhase section */

/* Begin XCBuildConfiguration section */
		2B19879C1F6FDAE3001E0A00 /* Debug */ = {
			isa = XCBuildConfiguration;
			buildSettings = {
				ALWAYS_SEARCH_USER_PATHS = NO;
				CLANG_ANALYZER_NONNULL = YES;
				CLANG_ANALYZER_NUMBER_OBJECT_CONVERSION = YES_AGGRESSIVE;
				CLANG_CXX_LANGUAGE_STANDARD = "gnu++14";
				CLANG_CXX_LIBRARY = "libc++";
				CLANG_ENABLE_MODULES = YES;
				CLANG_ENABLE_OBJC_ARC = YES;
				CLANG_WARN_BLOCK_CAPTURE_AUTORELEASING = YES;
				CLANG_WARN_BOOL_CONVERSION = YES;
				CLANG_WARN_COMMA = YES;
				CLANG_WARN_CONSTANT_CONVERSION = YES;
				CLANG_WARN_DIRECT_OBJC_ISA_USAGE = YES_ERROR;
				CLANG_WARN_DOCUMENTATION_COMMENTS = YES;
				CLANG_WARN_EMPTY_BODY = YES;
				CLANG_WARN_ENUM_CONVERSION = YES;
				CLANG_WARN_INFINITE_RECURSION = YES;
				CLANG_WARN_INT_CONVERSION = YES;
				CLANG_WARN_NON_LITERAL_NULL_CONVERSION = YES;
				CLANG_WARN_OBJC_LITERAL_CONVERSION = YES;
				CLANG_WARN_OBJC_ROOT_CLASS = YES_ERROR;
				CLANG_WARN_RANGE_LOOP_ANALYSIS = YES;
				CLANG_WARN_STRICT_PROTOTYPES = YES;
				CLANG_WARN_SUSPICIOUS_MOVE = YES;
				CLANG_WARN_UNGUARDED_AVAILABILITY = YES_AGGRESSIVE;
				CLANG_WARN_UNREACHABLE_CODE = YES;
				CLANG_WARN__DUPLICATE_METHOD_MATCH = YES;
				CODE_SIGN_IDENTITY = "Mac Developer";
				COPY_PHASE_STRIP = NO;
				DEBUG_INFORMATION_FORMAT = dwarf;
				ENABLE_STRICT_OBJC_MSGSEND = YES;
				ENABLE_TESTABILITY = YES;
				GCC_C_LANGUAGE_STANDARD = gnu11;
				GCC_DYNAMIC_NO_PIC = NO;
				GCC_NO_COMMON_BLOCKS = YES;
				GCC_OPTIMIZATION_LEVEL = 0;
				GCC_PREPROCESSOR_DEFINITIONS = (
					"DEBUG=1",
					"$(inherited)",
				);
				GCC_WARN_64_TO_32_BIT_CONVERSION = YES;
				GCC_WARN_ABOUT_RETURN_TYPE = YES_ERROR;
				GCC_WARN_UNDECLARED_SELECTOR = YES;
				GCC_WARN_UNINITIALIZED_AUTOS = YES_AGGRESSIVE;
				GCC_WARN_UNUSED_FUNCTION = YES;
				GCC_WARN_UNUSED_VARIABLE = YES;
				MACOSX_DEPLOYMENT_TARGET = 10.13;
				MTL_ENABLE_DEBUG_INFO = YES;
				ONLY_ACTIVE_ARCH = YES;
				SDKROOT = macosx;
				SWIFT_ACTIVE_COMPILATION_CONDITIONS = DEBUG;
				SWIFT_OPTIMIZATION_LEVEL = "-Onone";
			};
			name = Debug;
		};
		2B19879D1F6FDAE3001E0A00 /* Release */ = {
			isa = XCBuildConfiguration;
			buildSettings = {
				ALWAYS_SEARCH_USER_PATHS = NO;
				CLANG_ANALYZER_NONNULL = YES;
				CLANG_ANALYZER_NUMBER_OBJECT_CONVERSION = YES_AGGRESSIVE;
				CLANG_CXX_LANGUAGE_STANDARD = "gnu++14";
				CLANG_CXX_LIBRARY = "libc++";
				CLANG_ENABLE_MODULES = YES;
				CLANG_ENABLE_OBJC_ARC = YES;
				CLANG_WARN_BLOCK_CAPTURE_AUTORELEASING = YES;
				CLANG_WARN_BOOL_CONVERSION = YES;
				CLANG_WARN_COMMA = YES;
				CLANG_WARN_CONSTANT_CONVERSION = YES;
				CLANG_WARN_DIRECT_OBJC_ISA_USAGE = YES_ERROR;
				CLANG_WARN_DOCUMENTATION_COMMENTS = YES;
				CLANG_WARN_EMPTY_BODY = YES;
				CLANG_WARN_ENUM_CONVERSION = YES;
				CLANG_WARN_INFINITE_RECURSION = YES;
				CLANG_WARN_INT_CONVERSION = YES;
				CLANG_WARN_NON_LITERAL_NULL_CONVERSION = YES;
				CLANG_WARN_OBJC_LITERAL_CONVERSION = YES;
				CLANG_WARN_OBJC_ROOT_CLASS = YES_ERROR;
				CLANG_WARN_RANGE_LOOP_ANALYSIS = YES;
				CLANG_WARN_STRICT_PROTOTYPES = YES;
				CLANG_WARN_SUSPICIOUS_MOVE = YES;
				CLANG_WARN_UNGUARDED_AVAILABILITY = YES_AGGRESSIVE;
				CLANG_WARN_UNREACHABLE_CODE = YES;
				CLANG_WARN__DUPLICATE_METHOD_MATCH = YES;
				CODE_SIGN_IDENTITY = "Mac Developer";
				COPY_PHASE_STRIP = NO;
				DEBUG_INFORMATION_FORMAT = "dwarf-with-dsym";
				ENABLE_NS_ASSERTIONS = NO;
				ENABLE_STRICT_OBJC_MSGSEND = YES;
				GCC_C_LANGUAGE_STANDARD = gnu11;
				GCC_NO_COMMON_BLOCKS = YES;
				GCC_WARN_64_TO_32_BIT_CONVERSION = YES;
				GCC_WARN_ABOUT_RETURN_TYPE = YES_ERROR;
				GCC_WARN_UNDECLARED_SELECTOR = YES;
				GCC_WARN_UNINITIALIZED_AUTOS = YES_AGGRESSIVE;
				GCC_WARN_UNUSED_FUNCTION = YES;
				GCC_WARN_UNUSED_VARIABLE = YES;
				MACOSX_DEPLOYMENT_TARGET = 10.13;
				MTL_ENABLE_DEBUG_INFO = NO;
				SDKROOT = macosx;
				SWIFT_OPTIMIZATION_LEVEL = "-Owholemodule";
			};
			name = Release;
		};
		2B19879F1F6FDAE3001E0A00 /* Debug */ = {
			isa = XCBuildConfiguration;
			buildSettings = {
				CODE_SIGN_STYLE = Automatic;
				DEVELOPMENT_TEAM = XNM36GWK3G;
				PRODUCT_NAME = "$(TARGET_NAME)";
				SWIFT_VERSION = 4.0;
			};
			name = Debug;
		};
		2B1987A01F6FDAE3001E0A00 /* Release */ = {
			isa = XCBuildConfiguration;
			buildSettings = {
				CODE_SIGN_STYLE = Automatic;
				DEVELOPMENT_TEAM = XNM36GWK3G;
				PRODUCT_NAME = "$(TARGET_NAME)";
				SWIFT_VERSION = 4.0;
			};
			name = Release;
		};
/* End XCBuildConfiguration section */

/* Begin XCConfigurationList section */
		2B1987921F6FDAE3001E0A00 /* Build configuration list for PBXProject "AOSwiftAlgorithms" */ = {
			isa = XCConfigurationList;
			buildConfigurations = (
				2B19879C1F6FDAE3001E0A00 /* Debug */,
				2B19879D1F6FDAE3001E0A00 /* Release */,
			);
			defaultConfigurationIsVisible = 0;
			defaultConfigurationName = Release;
		};
		2B19879E1F6FDAE3001E0A00 /* Build configuration list for PBXNativeTarget "AOSwiftAlgorithms" */ = {
			isa = XCConfigurationList;
			buildConfigurations = (
				2B19879F1F6FDAE3001E0A00 /* Debug */,
				2B1987A01F6FDAE3001E0A00 /* Release */,
			);
			defaultConfigurationIsVisible = 0;
			defaultConfigurationName = Release;
		};
/* End XCConfigurationList section */
	};
	rootObject = 2B19878F1F6FDAE3001E0A00 /* Project object */;
}
